
Microsoft Visual Studio Solution File, Format Version 12.00
# Visual Studio 15
Project("{FAE04EC0-301F-11D3-BF4B-00C04F79EFBC}") = "MatcherV2 Core", "MatcherV2 Core.csproj", "{4615606A-6550-04CF-98FF-D365B8872D6F}"
EndProject
Project("{FAE04EC0-301F-11D3-BF4B-00C04F79EFBC}") = "MatcherV2 Core.Editor", "MatcherV2 Core.Editor.csproj", "{82BEF1EC-0802-F1AE-B40D-4AD7057E1156}"
EndProject
Global
	GlobalSection(SolutionConfigurationPlatforms) = preSolution
		Debug|Any CPU = Debug|Any CPU
		Release|Any CPU = Release|Any CPU
	EndGlobalSection
	GlobalSection(ProjectConfigurationPlatforms) = postSolution
		{4615606A-6550-04CF-98FF-D365B8872D6F}.Debug|Any CPU.ActiveCfg = Debug|Any CPU
		{4615606A-6550-04CF-98FF-D365B8872D6F}.Debug|Any CPU.Build.0 = Debug|Any CPU
		{4615606A-6550-04CF-98FF-D365B8872D6F}.Release|Any CPU.ActiveCfg = Release|Any CPU
		{4615606A-6550-04CF-98FF-D365B8872D6F}.Release|Any CPU.Build.0 = Release|Any CPU
		{82BEF1EC-0802-F1AE-B40D-4AD7057E1156}.Debug|Any CPU.ActiveCfg = Debug|Any CPU
		{82BEF1EC-0802-F1AE-B40D-4AD7057E1156}.Debug|Any CPU.Build.0 = Debug|Any CPU
		{82BEF1EC-0802-F1AE-B40D-4AD7057E1156}.Release|Any CPU.ActiveCfg = Release|Any CPU
		{82BEF1EC-0802-F1AE-B40D-4AD7057E1156}.Release|Any CPU.Build.0 = Release|Any CPU
	EndGlobalSection
	GlobalSection(SolutionProperties) = preSolution
		HideSolutionNode = FALSE
	EndGlobalSection
EndGlobal
