
Microsoft Visual Studio Solution File, Format Version 12.00
# Visual Studio 2017
Project("{FAE04EC0-301F-11D3-BF4B-00C04F79EFBC}") = "MatcherV2", "MatcherV2.csproj", "{73B52EDC-E3BD-C30F-1C6A-4EDAD35C925D}"
EndProject
Project("{FAE04EC0-301F-11D3-BF4B-00C04F79EFBC}") = "MatcherV2.Editor", "MatcherV2.Editor.csproj", "{EB72EEAB-0DBF-77FB-0644-04498BA74F57}"
EndProject
Global
	GlobalSection(SolutionConfigurationPlatforms) = preSolution
		Debug|Any CPU = Debug|Any CPU
		Release|Any CPU = Release|Any CPU
	EndGlobalSection
	GlobalSection(ProjectConfigurationPlatforms) = postSolution
		{73B52EDC-E3BD-C30F-1C6A-4EDAD35C925D}.Debug|Any CPU.ActiveCfg = Debug|Any CPU
		{73B52EDC-E3BD-C30F-1C6A-4EDAD35C925D}.Debug|Any CPU.Build.0 = Debug|Any CPU
		{73B52EDC-E3BD-C30F-1C6A-4EDAD35C925D}.Release|Any CPU.ActiveCfg = Release|Any CPU
		{73B52EDC-E3BD-C30F-1C6A-4EDAD35C925D}.Release|Any CPU.Build.0 = Release|Any CPU
		{EB72EEAB-0DBF-77FB-0644-04498BA74F57}.Debug|Any CPU.ActiveCfg = Debug|Any CPU
		{EB72EEAB-0DBF-77FB-0644-04498BA74F57}.Debug|Any CPU.Build.0 = Debug|Any CPU
		{EB72EEAB-0DBF-77FB-0644-04498BA74F57}.Release|Any CPU.ActiveCfg = Release|Any CPU
		{EB72EEAB-0DBF-77FB-0644-04498BA74F57}.Release|Any CPU.Build.0 = Release|Any CPU
	EndGlobalSection
	GlobalSection(SolutionProperties) = preSolution
		HideSolutionNode = FALSE
	EndGlobalSection
EndGlobal
